// !$*UTF8*$!
{
	archiveVersion = 1;
	classes = {
	};
	objectVersion = 56;
	objects = {

/* Begin PBXBuildFile section */
		3FCC7CB82941C18600D15C52 /* HomeView.swift in Sources */ = {isa = PBXBuildFile; fileRef = 3FCC7CB72941C18600D15C52 /* HomeView.swift */; };
		3FCC7CBA2941C82300D15C52 /* tvShowsCollectionViewCell.swift in Sources */ = {isa = PBXBuildFile; fileRef = 3FCC7CB92941C82300D15C52 /* tvShowsCollectionViewCell.swift */; };
		3FCE23012943F7E300C65B71 /* ThronesView.swift in Sources */ = {isa = PBXBuildFile; fileRef = 3FCE23002943F7E300C65B71 /* ThronesView.swift */; };
		3FCE23032943FB0D00C65B71 /* thrones.swift in Sources */ = {isa = PBXBuildFile; fileRef = 3FCE23022943FB0D00C65B71 /* thrones.swift */; };
		3FF242922944851000DCD725 /* thronesCollectionCell.swift in Sources */ = {isa = PBXBuildFile; fileRef = 3FF242912944851000DCD725 /* thronesCollectionCell.swift */; };
		3FF2E9B029450F5B0093DBD6 /* AnimeCharacterDetailsView.swift in Sources */ = {isa = PBXBuildFile; fileRef = 3FF2E9AF29450F5B0093DBD6 /* AnimeCharacterDetailsView.swift */; };
		3FFABDD72944D11700C087FD /* ThronseDetailsCharter.swift in Sources */ = {isa = PBXBuildFile; fileRef = 3FFABDD62944D11700C087FD /* ThronseDetailsCharter.swift */; };
		3FFABDD92944FF2200C087FD /* animeCharacterView.swift in Sources */ = {isa = PBXBuildFile; fileRef = 3FFABDD82944FF2200C087FD /* animeCharacterView.swift */; };
		3FFABDDB294507AB00C087FD /* AnimeCollectionViewCell.swift in Sources */ = {isa = PBXBuildFile; fileRef = 3FFABDDA294507AB00C087FD /* AnimeCollectionViewCell.swift */; };
		8485D95D29407CC400F5E973 /* AppDelegate.swift in Sources */ = {isa = PBXBuildFile; fileRef = 8485D95C29407CC400F5E973 /* AppDelegate.swift */; };
		8485D95F29407CC400F5E973 /* SceneDelegate.swift in Sources */ = {isa = PBXBuildFile; fileRef = 8485D95E29407CC400F5E973 /* SceneDelegate.swift */; };
		8485D96129407CC400F5E973 /* ViewController.swift in Sources */ = {isa = PBXBuildFile; fileRef = 8485D96029407CC400F5E973 /* ViewController.swift */; };
		8485D96429407CC400F5E973 /* Main.storyboard in Resources */ = {isa = PBXBuildFile; fileRef = 8485D96229407CC400F5E973 /* Main.storyboard */; };
		8485D96629407CC500F5E973 /* Assets.xcassets in Resources */ = {isa = PBXBuildFile; fileRef = 8485D96529407CC500F5E973 /* Assets.xcassets */; };
		8485D96929407CC500F5E973 /* LaunchScreen.storyboard in Resources */ = {isa = PBXBuildFile; fileRef = 8485D96729407CC500F5E973 /* LaunchScreen.storyboard */; };
		8485D97129407D7000F5E973 /* myCollectionViewCell.swift in Sources */ = {isa = PBXBuildFile; fileRef = 8485D97029407D7000F5E973 /* myCollectionViewCell.swift */; };
		8485D973294083A800F5E973 /* characters.swift in Sources */ = {isa = PBXBuildFile; fileRef = 8485D972294083A800F5E973 /* characters.swift */; };
		8485D9762940859900F5E973 /* Kingfisher in Frameworks */ = {isa = PBXBuildFile; productRef = 8485D9752940859900F5E973 /* Kingfisher */; };
		8485D978294088E100F5E973 /* movieDetailsViewController.swift in Sources */ = {isa = PBXBuildFile; fileRef = 8485D977294088E100F5E973 /* movieDetailsViewController.swift */; };
/* End PBXBuildFile section */

/* Begin PBXFileReference section */
		3FCC7CB72941C18600D15C52 /* HomeView.swift */ = {isa = PBXFileReference; lastKnownFileType = sourcecode.swift; path = HomeView.swift; sourceTree = "<group>"; };
		3FCC7CB92941C82300D15C52 /* tvShowsCollectionViewCell.swift */ = {isa = PBXFileReference; lastKnownFileType = sourcecode.swift; path = tvShowsCollectionViewCell.swift; sourceTree = "<group>"; };
		3FCE23002943F7E300C65B71 /* ThronesView.swift */ = {isa = PBXFileReference; lastKnownFileType = sourcecode.swift; path = ThronesView.swift; sourceTree = "<group>"; };
		3FCE23022943FB0D00C65B71 /* thrones.swift */ = {isa = PBXFileReference; lastKnownFileType = sourcecode.swift; path = thrones.swift; sourceTree = "<group>"; };
		3FF242912944851000DCD725 /* thronesCollectionCell.swift */ = {isa = PBXFileReference; lastKnownFileType = sourcecode.swift; path = thronesCollectionCell.swift; sourceTree = "<group>"; };
		3FF2E9AF29450F5B0093DBD6 /* AnimeCharacterDetailsView.swift */ = {isa = PBXFileReference; lastKnownFileType = sourcecode.swift; path = AnimeCharacterDetailsView.swift; sourceTree = "<group>"; };
		3FFABDD62944D11700C087FD /* ThronseDetailsCharter.swift */ = {isa = PBXFileReference; lastKnownFileType = sourcecode.swift; path = ThronseDetailsCharter.swift; sourceTree = "<group>"; };
		3FFABDD82944FF2200C087FD /* animeCharacterView.swift */ = {isa = PBXFileReference; lastKnownFileType = sourcecode.swift; path = animeCharacterView.swift; sourceTree = "<group>"; };
		3FFABDDA294507AB00C087FD /* AnimeCollectionViewCell.swift */ = {isa = PBXFileReference; lastKnownFileType = sourcecode.swift; path = AnimeCollectionViewCell.swift; sourceTree = "<group>"; };
		8485D95929407CC400F5E973 /* MP.app */ = {isa = PBXFileReference; explicitFileType = wrapper.application; includeInIndex = 0; path = MP.app; sourceTree = BUILT_PRODUCTS_DIR; };
		8485D95C29407CC400F5E973 /* AppDelegate.swift */ = {isa = PBXFileReference; lastKnownFileType = sourcecode.swift; path = AppDelegate.swift; sourceTree = "<group>"; };
		8485D95E29407CC400F5E973 /* SceneDelegate.swift */ = {isa = PBXFileReference; lastKnownFileType = sourcecode.swift; path = SceneDelegate.swift; sourceTree = "<group>"; };
		8485D96029407CC400F5E973 /* ViewController.swift */ = {isa = PBXFileReference; lastKnownFileType = sourcecode.swift; path = ViewController.swift; sourceTree = "<group>"; };
		8485D96329407CC400F5E973 /* Base */ = {isa = PBXFileReference; lastKnownFileType = file.storyboard; name = Base; path = Base.lproj/Main.storyboard; sourceTree = "<group>"; };
		8485D96529407CC500F5E973 /* Assets.xcassets */ = {isa = PBXFileReference; lastKnownFileType = folder.assetcatalog; path = Assets.xcassets; sourceTree = "<group>"; };
		8485D96829407CC500F5E973 /* Base */ = {isa = PBXFileReference; lastKnownFileType = file.storyboard; name = Base; path = Base.lproj/LaunchScreen.storyboard; sourceTree = "<group>"; };
		8485D96A29407CC500F5E973 /* Info.plist */ = {isa = PBXFileReference; lastKnownFileType = text.plist.xml; path = Info.plist; sourceTree = "<group>"; };
		8485D97029407D7000F5E973 /* myCollectionViewCell.swift */ = {isa = PBXFileReference; lastKnownFileType = sourcecode.swift; path = myCollectionViewCell.swift; sourceTree = "<group>"; };
		8485D972294083A800F5E973 /* characters.swift */ = {isa = PBXFileReference; lastKnownFileType = sourcecode.swift; path = characters.swift; sourceTree = "<group>"; };
		8485D977294088E100F5E973 /* movieDetailsViewController.swift */ = {isa = PBXFileReference; lastKnownFileType = sourcecode.swift; path = movieDetailsViewController.swift; sourceTree = "<group>"; };
/* End PBXFileReference section */

/* Begin PBXFrameworksBuildPhase section */
		8485D95629407CC400F5E973 /* Frameworks */ = {
			isa = PBXFrameworksBuildPhase;
			buildActionMask = 2147483647;
			files = (
				8485D9762940859900F5E973 /* Kingfisher in Frameworks */,
			);
			runOnlyForDeploymentPostprocessing = 0;
		};
/* End PBXFrameworksBuildPhase section */

/* Begin PBXGroup section */
		8485D95029407CC400F5E973 = {
			isa = PBXGroup;
			children = (
				8485D95B29407CC400F5E973 /* MP */,
				8485D95A29407CC400F5E973 /* Products */,
			);
			sourceTree = "<group>";
		};
		8485D95A29407CC400F5E973 /* Products */ = {
			isa = PBXGroup;
			children = (
				8485D95929407CC400F5E973 /* MP.app */,
			);
			name = Products;
			sourceTree = "<group>";
		};
		8485D95B29407CC400F5E973 /* MP */ = {
			isa = PBXGroup;
			children = (
				8485D95C29407CC400F5E973 /* AppDelegate.swift */,
				8485D95E29407CC400F5E973 /* SceneDelegate.swift */,
				8485D96029407CC400F5E973 /* ViewController.swift */,
				8485D96229407CC400F5E973 /* Main.storyboard */,
				8485D96529407CC500F5E973 /* Assets.xcassets */,
				3FCE23002943F7E300C65B71 /* ThronesView.swift */,
				3FCC7CB72941C18600D15C52 /* HomeView.swift */,
				3FF242912944851000DCD725 /* thronesCollectionCell.swift */,
				3FFABDDA294507AB00C087FD /* AnimeCollectionViewCell.swift */,
				3FF2E9AF29450F5B0093DBD6 /* AnimeCharacterDetailsView.swift */,
				3FFABDD82944FF2200C087FD /* animeCharacterView.swift */,
				3FFABDD62944D11700C087FD /* ThronseDetailsCharter.swift */,
				3FCC7CB92941C82300D15C52 /* tvShowsCollectionViewCell.swift */,
				8485D96729407CC500F5E973 /* LaunchScreen.storyboard */,
				8485D96A29407CC500F5E973 /* Info.plist */,
				3FCE23022943FB0D00C65B71 /* thrones.swift */,
				8485D97029407D7000F5E973 /* myCollectionViewCell.swift */,
				8485D972294083A800F5E973 /* characters.swift */,
				8485D977294088E100F5E973 /* movieDetailsViewController.swift */,
			);
			path = MP;
			sourceTree = "<group>";
		};
/* End PBXGroup section */

/* Begin PBXNativeTarget section */
		8485D95829407CC400F5E973 /* MP */ = {
			isa = PBXNativeTarget;
			buildConfigurationList = 8485D96D29407CC500F5E973 /* Build configuration list for PBXNativeTarget "MP" */;
			buildPhases = (
				8485D95529407CC400F5E973 /* Sources */,
				8485D95629407CC400F5E973 /* Frameworks */,
				8485D95729407CC400F5E973 /* Resources */,
			);
			buildRules = (
			);
			dependencies = (
			);
			name = MP;
			packageProductDependencies = (
				8485D9752940859900F5E973 /* Kingfisher */,
			);
			productName = MP;
			productReference = 8485D95929407CC400F5E973 /* MP.app */;
			productType = "com.apple.product-type.application";
		};
/* End PBXNativeTarget section */

/* Begin PBXProject section */
		8485D95129407CC400F5E973 /* Project object */ = {
			isa = PBXProject;
			attributes = {
				BuildIndependentTargetsInParallel = 1;
				LastSwiftUpdateCheck = 1410;
				LastUpgradeCheck = 1410;
				TargetAttributes = {
					8485D95829407CC400F5E973 = {
						CreatedOnToolsVersion = 14.1;
					};
				};
			};
			buildConfigurationList = 8485D95429407CC400F5E973 /* Build configuration list for PBXProject "MP" */;
			compatibilityVersion = "Xcode 14.0";
			developmentRegion = en;
			hasScannedForEncodings = 0;
			knownRegions = (
				en,
				Base,
			);
			mainGroup = 8485D95029407CC400F5E973;
			packageReferences = (
				8485D9742940859900F5E973 /* XCRemoteSwiftPackageReference "Kingfisher" */,
			);
			productRefGroup = 8485D95A29407CC400F5E973 /* Products */;
			projectDirPath = "";
			projectRoot = "";
			targets = (
				8485D95829407CC400F5E973 /* MP */,
			);
		};
/* End PBXProject section */

/* Begin PBXResourcesBuildPhase section */
		8485D95729407CC400F5E973 /* Resources */ = {
			isa = PBXResourcesBuildPhase;
			buildActionMask = 2147483647;
			files = (
				8485D96929407CC500F5E973 /* LaunchScreen.storyboard in Resources */,
				8485D96629407CC500F5E973 /* Assets.xcassets in Resources */,
				8485D96429407CC400F5E973 /* Main.storyboard in Resources */,
			);
			runOnlyForDeploymentPostprocessing = 0;
		};
/* End PBXResourcesBuildPhase section */

/* Begin PBXSourcesBuildPhase section */
		8485D95529407CC400F5E973 /* Sources */ = {
			isa = PBXSourcesBuildPhase;
			buildActionMask = 2147483647;
			files = (
				3FFABDD72944D11700C087FD /* ThronseDetailsCharter.swift in Sources */,
				3FFABDDB294507AB00C087FD /* AnimeCollectionViewCell.swift in Sources */,
				8485D96129407CC400F5E973 /* ViewController.swift in Sources */,
				3FF242922944851000DCD725 /* thronesCollectionCell.swift in Sources */,
				3FF2E9B029450F5B0093DBD6 /* AnimeCharacterDetailsView.swift in Sources */,
				3FCC7CB82941C18600D15C52 /* HomeView.swift in Sources */,
				8485D95D29407CC400F5E973 /* AppDelegate.swift in Sources */,
				8485D97129407D7000F5E973 /* myCollectionViewCell.swift in Sources */,
				3FFABDD92944FF2200C087FD /* animeCharacterView.swift in Sources */,
				3FCE23012943F7E300C65B71 /* ThronesView.swift in Sources */,
				8485D95F29407CC400F5E973 /* SceneDelegate.swift in Sources */,
				8485D978294088E100F5E973 /* movieDetailsViewController.swift in Sources */,
				3FCE23032943FB0D00C65B71 /* thrones.swift in Sources */,
				8485D973294083A800F5E973 /* characters.swift in Sources */,
				3FCC7CBA2941C82300D15C52 /* tvShowsCollectionViewCell.swift in Sources */,
			);
			runOnlyForDeploymentPostprocessing = 0;
		};
/* End PBXSourcesBuildPhase section */

/* Begin PBXVariantGroup section */
		8485D96229407CC400F5E973 /* Main.storyboard */ = {
			isa = PBXVariantGroup;
			children = (
				8485D96329407CC400F5E973 /* Base */,
			);
			name = Main.storyboard;
			sourceTree = "<group>";
		};
		8485D96729407CC500F5E973 /* LaunchScreen.storyboard */ = {
			isa = PBXVariantGroup;
			children = (
				8485D96829407CC500F5E973 /* Base */,
			);
			name = LaunchScreen.storyboard;
			sourceTree = "<group>";
		};
/* End PBXVariantGroup section */

/* Begin XCBuildConfiguration section */
		8485D96B29407CC500F5E973 /* Debug */ = {
			isa = XCBuildConfiguration;
			buildSettings = {
				ALWAYS_SEARCH_USER_PATHS = NO;
				CLANG_ANALYZER_NONNULL = YES;
				CLANG_ANALYZER_NUMBER_OBJECT_CONVERSION = YES_AGGRESSIVE;
				CLANG_CXX_LANGUAGE_STANDARD = "gnu++20";
				CLANG_ENABLE_MODULES = YES;
				CLANG_ENABLE_OBJC_ARC = YES;
				CLANG_ENABLE_OBJC_WEAK = YES;
				CLANG_WARN_BLOCK_CAPTURE_AUTORELEASING = YES;
				CLANG_WARN_BOOL_CONVERSION = YES;
				CLANG_WARN_COMMA = YES;
				CLANG_WARN_CONSTANT_CONVERSION = YES;
				CLANG_WARN_DEPRECATED_OBJC_IMPLEMENTATIONS = YES;
				CLANG_WARN_DIRECT_OBJC_ISA_USAGE = YES_ERROR;
				CLANG_WARN_DOCUMENTATION_COMMENTS = YES;
				CLANG_WARN_EMPTY_BODY = YES;
				CLANG_WARN_ENUM_CONVERSION = YES;
				CLANG_WARN_INFINITE_RECURSION = YES;
				CLANG_WARN_INT_CONVERSION = YES;
				CLANG_WARN_NON_LITERAL_NULL_CONVERSION = YES;
				CLANG_WARN_OBJC_IMPLICIT_RETAIN_SELF = YES;
				CLANG_WARN_OBJC_LITERAL_CONVERSION = YES;
				CLANG_WARN_OBJC_ROOT_CLASS = YES_ERROR;
				CLANG_WARN_QUOTED_INCLUDE_IN_FRAMEWORK_HEADER = YES;
				CLANG_WARN_RANGE_LOOP_ANALYSIS = YES;
				CLANG_WARN_STRICT_PROTOTYPES = YES;
				CLANG_WARN_SUSPICIOUS_MOVE = YES;
				CLANG_WARN_UNGUARDED_AVAILABILITY = YES_AGGRESSIVE;
				CLANG_WARN_UNREACHABLE_CODE = YES;
				CLANG_WARN__DUPLICATE_METHOD_MATCH = YES;
				COPY_PHASE_STRIP = NO;
				DEBUG_INFORMATION_FORMAT = dwarf;
				ENABLE_STRICT_OBJC_MSGSEND = YES;
				ENABLE_TESTABILITY = YES;
				GCC_C_LANGUAGE_STANDARD = gnu11;
				GCC_DYNAMIC_NO_PIC = NO;
				GCC_NO_COMMON_BLOCKS = YES;
				GCC_OPTIMIZATION_LEVEL = 0;
				GCC_PREPROCESSOR_DEFINITIONS = (
					"DEBUG=1",
					"$(inherited)",
				);
				GCC_WARN_64_TO_32_BIT_CONVERSION = YES;
				GCC_WARN_ABOUT_RETURN_TYPE = YES_ERROR;
				GCC_WARN_UNDECLARED_SELECTOR = YES;
				GCC_WARN_UNINITIALIZED_AUTOS = YES_AGGRESSIVE;
				GCC_WARN_UNUSED_FUNCTION = YES;
				GCC_WARN_UNUSED_VARIABLE = YES;
				IPHONEOS_DEPLOYMENT_TARGET = 16.1;
				MTL_ENABLE_DEBUG_INFO = INCLUDE_SOURCE;
				MTL_FAST_MATH = YES;
				ONLY_ACTIVE_ARCH = YES;
				SDKROOT = iphoneos;
				SWIFT_ACTIVE_COMPILATION_CONDITIONS = DEBUG;
				SWIFT_OPTIMIZATION_LEVEL = "-Onone";
			};
			name = Debug;
		};
		8485D96C29407CC500F5E973 /* Release */ = {
			isa = XCBuildConfiguration;
			buildSettings = {
				ALWAYS_SEARCH_USER_PATHS = NO;
				CLANG_ANALYZER_NONNULL = YES;
				CLANG_ANALYZER_NUMBER_OBJECT_CONVERSION = YES_AGGRESSIVE;
				CLANG_CXX_LANGUAGE_STANDARD = "gnu++20";
				CLANG_ENABLE_MODULES = YES;
				CLANG_ENABLE_OBJC_ARC = YES;
				CLANG_ENABLE_OBJC_WEAK = YES;
				CLANG_WARN_BLOCK_CAPTURE_AUTORELEASING = YES;
				CLANG_WARN_BOOL_CONVERSION = YES;
				CLANG_WARN_COMMA = YES;
				CLANG_WARN_CONSTANT_CONVERSION = YES;
				CLANG_WARN_DEPRECATED_OBJC_IMPLEMENTATIONS = YES;
				CLANG_WARN_DIRECT_OBJC_ISA_USAGE = YES_ERROR;
				CLANG_WARN_DOCUMENTATION_COMMENTS = YES;
				CLANG_WARN_EMPTY_BODY = YES;
				CLANG_WARN_ENUM_CONVERSION = YES;
				CLANG_WARN_INFINITE_RECURSION = YES;
				CLANG_WARN_INT_CONVERSION = YES;
				CLANG_WARN_NON_LITERAL_NULL_CONVERSION = YES;
				CLANG_WARN_OBJC_IMPLICIT_RETAIN_SELF = YES;
				CLANG_WARN_OBJC_LITERAL_CONVERSION = YES;
				CLANG_WARN_OBJC_ROOT_CLASS = YES_ERROR;
				CLANG_WARN_QUOTED_INCLUDE_IN_FRAMEWORK_HEADER = YES;
				CLANG_WARN_RANGE_LOOP_ANALYSIS = YES;
				CLANG_WARN_STRICT_PROTOTYPES = YES;
				CLANG_WARN_SUSPICIOUS_MOVE = YES;
				CLANG_WARN_UNGUARDED_AVAILABILITY = YES_AGGRESSIVE;
				CLANG_WARN_UNREACHABLE_CODE = YES;
				CLANG_WARN__DUPLICATE_METHOD_MATCH = YES;
				COPY_PHASE_STRIP = NO;
				DEBUG_INFORMATION_FORMAT = "dwarf-with-dsym";
				ENABLE_NS_ASSERTIONS = NO;
				ENABLE_STRICT_OBJC_MSGSEND = YES;
				GCC_C_LANGUAGE_STANDARD = gnu11;
				GCC_NO_COMMON_BLOCKS = YES;
				GCC_WARN_64_TO_32_BIT_CONVERSION = YES;
				GCC_WARN_ABOUT_RETURN_TYPE = YES_ERROR;
				GCC_WARN_UNDECLARED_SELECTOR = YES;
				GCC_WARN_UNINITIALIZED_AUTOS = YES_AGGRESSIVE;
				GCC_WARN_UNUSED_FUNCTION = YES;
				GCC_WARN_UNUSED_VARIABLE = YES;
				IPHONEOS_DEPLOYMENT_TARGET = 16.1;
				MTL_ENABLE_DEBUG_INFO = NO;
				MTL_FAST_MATH = YES;
				SDKROOT = iphoneos;
				SWIFT_COMPILATION_MODE = wholemodule;
				SWIFT_OPTIMIZATION_LEVEL = "-O";
				VALIDATE_PRODUCT = YES;
			};
			name = Release;
		};
		8485D96E29407CC500F5E973 /* Debug */ = {
			isa = XCBuildConfiguration;
			buildSettings = {
				ASSETCATALOG_COMPILER_APPICON_NAME = AppIcon;
				ASSETCATALOG_COMPILER_GLOBAL_ACCENT_COLOR_NAME = AccentColor;
				CODE_SIGN_STYLE = Automatic;
				CURRENT_PROJECT_VERSION = 1;
				GENERATE_INFOPLIST_FILE = YES;
				INFOPLIST_FILE = MP/Info.plist;
				INFOPLIST_KEY_UIApplicationSupportsIndirectInputEvents = YES;
				INFOPLIST_KEY_UILaunchStoryboardName = LaunchScreen;
				INFOPLIST_KEY_UIMainStoryboardFile = Main;
				INFOPLIST_KEY_UISupportedInterfaceOrientations_iPad = "UIInterfaceOrientationPortrait UIInterfaceOrientationPortraitUpsideDown UIInterfaceOrientationLandscapeLeft UIInterfaceOrientationLandscapeRight";
				INFOPLIST_KEY_UISupportedInterfaceOrientations_iPhone = "UIInterfaceOrientationPortrait UIInterfaceOrientationLandscapeLeft UIInterfaceOrientationLandscapeRight";
				LD_RUNPATH_SEARCH_PATHS = (
					"$(inherited)",
					"@executable_path/Frameworks",
				);
				MARKETING_VERSION = 1.0;
				PRODUCT_BUNDLE_IDENTIFIER = com.engtechh.MP;
				PRODUCT_NAME = "$(TARGET_NAME)";
				SWIFT_EMIT_LOC_STRINGS = YES;
				SWIFT_VERSION = 5.0;
				TARGETED_DEVICE_FAMILY = "1,2";
			};
			name = Debug;
		};
		8485D96F29407CC500F5E973 /* Release */ = {
			isa = XCBuildConfiguration;
			buildSettings = {
				ASSETCATALOG_COMPILER_APPICON_NAME = AppIcon;
				ASSETCATALOG_COMPILER_GLOBAL_ACCENT_COLOR_NAME = AccentColor;
				CODE_SIGN_STYLE = Automatic;
				CURRENT_PROJECT_VERSION = 1;
				GENERATE_INFOPLIST_FILE = YES;
				INFOPLIST_FILE = MP/Info.plist;
				INFOPLIST_KEY_UIApplicationSupportsIndirectInputEvents = YES;
				INFOPLIST_KEY_UILaunchStoryboardName = LaunchScreen;
				INFOPLIST_KEY_UIMainStoryboardFile = Main;
				INFOPLIST_KEY_UISupportedInterfaceOrientations_iPad = "UIInterfaceOrientationPortrait UIInterfaceOrientationPortraitUpsideDown UIInterfaceOrientationLandscapeLeft UIInterfaceOrientationLandscapeRight";
				INFOPLIST_KEY_UISupportedInterfaceOrientations_iPhone = "UIInterfaceOrientationPortrait UIInterfaceOrientationLandscapeLeft UIInterfaceOrientationLandscapeRight";
				LD_RUNPATH_SEARCH_PATHS = (
					"$(inherited)",
					"@executable_path/Frameworks",
				);
				MARKETING_VERSION = 1.0;
				PRODUCT_BUNDLE_IDENTIFIER = com.engtechh.MP;
				PRODUCT_NAME = "$(TARGET_NAME)";
				SWIFT_EMIT_LOC_STRINGS = YES;
				SWIFT_VERSION = 5.0;
				TARGETED_DEVICE_FAMILY = "1,2";
			};
			name = Release;
		};
/* End XCBuildConfiguration section */

/* Begin XCConfigurationList section */
		8485D95429407CC400F5E973 /* Build configuration list for PBXProject "MP" */ = {
			isa = XCConfigurationList;
			buildConfigurations = (
				8485D96B29407CC500F5E973 /* Debug */,
				8485D96C29407CC500F5E973 /* Release */,
			);
			defaultConfigurationIsVisible = 0;
			defaultConfigurationName = Release;
		};
		8485D96D29407CC500F5E973 /* Build configuration list for PBXNativeTarget "MP" */ = {
			isa = XCConfigurationList;
			buildConfigurations = (
				8485D96E29407CC500F5E973 /* Debug */,
				8485D96F29407CC500F5E973 /* Release */,
			);
			defaultConfigurationIsVisible = 0;
			defaultConfigurationName = Release;
		};
/* End XCConfigurationList section */

/* Begin XCRemoteSwiftPackageReference section */
		8485D9742940859900F5E973 /* XCRemoteSwiftPackageReference "Kingfisher" */ = {
			isa = XCRemoteSwiftPackageReference;
			repositoryURL = "https://github.com/onevcat/Kingfisher";
			requirement = {
				kind = upToNextMajorVersion;
				minimumVersion = 7.0.0;
			};
		};
/* End XCRemoteSwiftPackageReference section */

/* Begin XCSwiftPackageProductDependency section */
		8485D9752940859900F5E973 /* Kingfisher */ = {
			isa = XCSwiftPackageProductDependency;
			package = 8485D9742940859900F5E973 /* XCRemoteSwiftPackageReference "Kingfisher" */;
			productName = Kingfisher;
		};
/* End XCSwiftPackageProductDependency section */
	};
	rootObject = 8485D95129407CC400F5E973 /* Project object */;
}
